// !$*UTF8*$!
{
	archiveVersion = 1;
	classes = {
	};
	objectVersion = 50;
	objects = {

/* Begin PBXBuildFile section */
		6271711120FEEAC50073FE9C /* RecipeListViewController.swift in Sources */ = {isa = PBXBuildFile; fileRef = 6271711020FEEAC50073FE9C /* RecipeListViewController.swift */; };
		6292575F20FEABBC001267EB /* DataParsing.swift in Sources */ = {isa = PBXBuildFile; fileRef = 6292575E20FEABBC001267EB /* DataParsing.swift */; };
		EF98328050C57A546C6560CC /* Pods_PocketKitchen.framework in Frameworks */ = {isa = PBXBuildFile; fileRef = 42C26FB28D5DE429AB503BD4 /* Pods_PocketKitchen.framework */; };
		FC2E206620FEA91500FECFB4 /* ListIngredientsTableView.swift in Sources */ = {isa = PBXBuildFile; fileRef = FC2E206520FEA91500FECFB4 /* ListIngredientsTableView.swift */; };
		FC2E206820FEAC8A00FECFB4 /* RecipeSearchViewController.swift in Sources */ = {isa = PBXBuildFile; fileRef = FC2E206720FEAC8A00FECFB4 /* RecipeSearchViewController.swift */; };
		FC2E206B20FEACA300FECFB4 /* RecipeSearch.storyboard in Resources */ = {isa = PBXBuildFile; fileRef = FC2E206920FEACA300FECFB4 /* RecipeSearch.storyboard */; };
		FCC716DC20FD3FF800ADFCAD /* AppDelegate.swift in Sources */ = {isa = PBXBuildFile; fileRef = FCC716DB20FD3FF800ADFCAD /* AppDelegate.swift */; };
		FCC716E120FD3FF800ADFCAD /* Main.storyboard in Resources */ = {isa = PBXBuildFile; fileRef = FCC716DF20FD3FF800ADFCAD /* Main.storyboard */; };
		FCC716E420FD3FF800ADFCAD /* PocketKitchen.xcdatamodeld in Sources */ = {isa = PBXBuildFile; fileRef = FCC716E220FD3FF800ADFCAD /* PocketKitchen.xcdatamodeld */; };
		FCC716E620FD3FFC00ADFCAD /* Assets.xcassets in Resources */ = {isa = PBXBuildFile; fileRef = FCC716E520FD3FFC00ADFCAD /* Assets.xcassets */; };
		FCC716E920FD3FFC00ADFCAD /* LaunchScreen.storyboard in Resources */ = {isa = PBXBuildFile; fileRef = FCC716E720FD3FFC00ADFCAD /* LaunchScreen.storyboard */; };
		FCC7170820FD5ADA00ADFCAD /* RecipeTableViewCell.swift in Sources */ = {isa = PBXBuildFile; fileRef = FCC7170720FD5ADA00ADFCAD /* RecipeTableViewCell.swift */; };
		FCC7170920FD62B300ADFCAD /* History.storyboard in Resources */ = {isa = PBXBuildFile; fileRef = FCC7170220FD572000ADFCAD /* History.storyboard */; };
		FCC7170C20FD66E600ADFCAD /* HistoryViewController.swift in Sources */ = {isa = PBXBuildFile; fileRef = FCC7170B20FD66E600ADFCAD /* HistoryViewController.swift */; };
/* End PBXBuildFile section */

/* Begin PBXFileReference section */
		2DDC81B64B16BD13686935F9 /* Pods-PocketKitchen.debug.xcconfig */ = {isa = PBXFileReference; includeInIndex = 1; lastKnownFileType = text.xcconfig; name = "Pods-PocketKitchen.debug.xcconfig"; path = "Pods/Target Support Files/Pods-PocketKitchen/Pods-PocketKitchen.debug.xcconfig"; sourceTree = "<group>"; };
		42C26FB28D5DE429AB503BD4 /* Pods_PocketKitchen.framework */ = {isa = PBXFileReference; explicitFileType = wrapper.framework; includeInIndex = 0; path = Pods_PocketKitchen.framework; sourceTree = BUILT_PRODUCTS_DIR; };
		496C71698CB13C0087F41FE9 /* Pods-PocketKitchen.release.xcconfig */ = {isa = PBXFileReference; includeInIndex = 1; lastKnownFileType = text.xcconfig; name = "Pods-PocketKitchen.release.xcconfig"; path = "Pods/Target Support Files/Pods-PocketKitchen/Pods-PocketKitchen.release.xcconfig"; sourceTree = "<group>"; };
		6271711020FEEAC50073FE9C /* RecipeListViewController.swift */ = {isa = PBXFileReference; lastKnownFileType = sourcecode.swift; path = RecipeListViewController.swift; sourceTree = "<group>"; };
		6292575E20FEABBC001267EB /* DataParsing.swift */ = {isa = PBXFileReference; lastKnownFileType = sourcecode.swift; name = DataParsing.swift; path = PocketKitchen/DataParsing.swift; sourceTree = SOURCE_ROOT; };
		62C381F420FD63E400AB77AC /* ListIngredientsTableView.swift */ = {isa = PBXFileReference; lastKnownFileType = sourcecode.swift; path = ListIngredientsTableView.swift; sourceTree = "<group>"; };
		FC2E206520FEA91500FECFB4 /* ListIngredientsTableView.swift */ = {isa = PBXFileReference; fileEncoding = 4; lastKnownFileType = sourcecode.swift; path = ListIngredientsTableView.swift; sourceTree = "<group>"; };
		FC2E206720FEAC8A00FECFB4 /* RecipeSearchViewController.swift */ = {isa = PBXFileReference; fileEncoding = 4; lastKnownFileType = sourcecode.swift; path = RecipeSearchViewController.swift; sourceTree = "<group>"; };
		FC2E206A20FEACA300FECFB4 /* Base */ = {isa = PBXFileReference; lastKnownFileType = file.storyboard; name = Base; path = Base.lproj/RecipeSearch.storyboard; sourceTree = "<group>"; };
		FCC716D820FD3FF800ADFCAD /* PocketKitchen.app */ = {isa = PBXFileReference; explicitFileType = wrapper.application; includeInIndex = 0; path = PocketKitchen.app; sourceTree = BUILT_PRODUCTS_DIR; };
		FCC716DB20FD3FF800ADFCAD /* AppDelegate.swift */ = {isa = PBXFileReference; lastKnownFileType = sourcecode.swift; path = AppDelegate.swift; sourceTree = "<group>"; };
		FCC716E020FD3FF800ADFCAD /* Base */ = {isa = PBXFileReference; lastKnownFileType = file.storyboard; name = Base; path = Base.lproj/Main.storyboard; sourceTree = "<group>"; };
		FCC716E320FD3FF800ADFCAD /* PocketKitchen.xcdatamodel */ = {isa = PBXFileReference; lastKnownFileType = wrapper.xcdatamodel; path = PocketKitchen.xcdatamodel; sourceTree = "<group>"; };
		FCC716E520FD3FFC00ADFCAD /* Assets.xcassets */ = {isa = PBXFileReference; lastKnownFileType = folder.assetcatalog; path = Assets.xcassets; sourceTree = "<group>"; };
		FCC716E820FD3FFC00ADFCAD /* Base */ = {isa = PBXFileReference; lastKnownFileType = file.storyboard; name = Base; path = Base.lproj/LaunchScreen.storyboard; sourceTree = "<group>"; };
		FCC716EA20FD3FFC00ADFCAD /* Info.plist */ = {isa = PBXFileReference; lastKnownFileType = text.plist.xml; path = Info.plist; sourceTree = "<group>"; };
		FCC7170320FD572000ADFCAD /* Base */ = {isa = PBXFileReference; lastKnownFileType = file.storyboard; name = Base; path = Base.lproj/History.storyboard; sourceTree = "<group>"; };
		FCC7170720FD5ADA00ADFCAD /* RecipeTableViewCell.swift */ = {isa = PBXFileReference; lastKnownFileType = sourcecode.swift; path = RecipeTableViewCell.swift; sourceTree = "<group>"; };
		FCC7170B20FD66E600ADFCAD /* HistoryViewController.swift */ = {isa = PBXFileReference; lastKnownFileType = sourcecode.swift; path = HistoryViewController.swift; sourceTree = "<group>"; };
/* End PBXFileReference section */

/* Begin PBXFrameworksBuildPhase section */
		FCC716D520FD3FF800ADFCAD /* Frameworks */ = {
			isa = PBXFrameworksBuildPhase;
			buildActionMask = 2147483647;
			files = (
				EF98328050C57A546C6560CC /* Pods_PocketKitchen.framework in Frameworks */,
			);
			runOnlyForDeploymentPostprocessing = 0;
		};
/* End PBXFrameworksBuildPhase section */

/* Begin PBXGroup section */
		5B4D100B90901831D123EEF5 /* Frameworks */ = {
			isa = PBXGroup;
			children = (
				42C26FB28D5DE429AB503BD4 /* Pods_PocketKitchen.framework */,
			);
			name = Frameworks;
			sourceTree = "<group>";
		};
		C2D40C1A09462E8EAA15D6F9 /* Pods */ = {
			isa = PBXGroup;
			children = (
				2DDC81B64B16BD13686935F9 /* Pods-PocketKitchen.debug.xcconfig */,
				496C71698CB13C0087F41FE9 /* Pods-PocketKitchen.release.xcconfig */,
			);
			name = Pods;
			sourceTree = "<group>";
		};
		FC2E206220FEA80E00FECFB4 /* Recovered References */ = {
			isa = PBXGroup;
			children = (
				62C381F420FD63E400AB77AC /* ListIngredientsTableView.swift */,
			);
			name = "Recovered References";
			sourceTree = "<group>";
		};
		FCC716CF20FD3FF800ADFCAD = {
			isa = PBXGroup;
			children = (
				FCC716DA20FD3FF800ADFCAD /* PocketKitchen */,
				FCC716D920FD3FF800ADFCAD /* Products */,
				C2D40C1A09462E8EAA15D6F9 /* Pods */,
				5B4D100B90901831D123EEF5 /* Frameworks */,
				FC2E206220FEA80E00FECFB4 /* Recovered References */,
			);
			sourceTree = "<group>";
		};
		FCC716D920FD3FF800ADFCAD /* Products */ = {
			isa = PBXGroup;
			children = (
				FCC716D820FD3FF800ADFCAD /* PocketKitchen.app */,
			);
			name = Products;
			sourceTree = "<group>";
		};
		FCC716DA20FD3FF800ADFCAD /* PocketKitchen */ = {
			isa = PBXGroup;
			children = (
				FCC7170A20FD66D300ADFCAD /* Controllers */,
				FCC716F420FD428D00ADFCAD /* Storyboards */,
				FCC716F320FD427800ADFCAD /* Services */,
				FCC716F120FD426100ADFCAD /* Views */,
				FCC716F020FD425A00ADFCAD /* Models */,
				FCC716DB20FD3FF800ADFCAD /* AppDelegate.swift */,
				FCC716E520FD3FFC00ADFCAD /* Assets.xcassets */,
				FCC716E720FD3FFC00ADFCAD /* LaunchScreen.storyboard */,
				FCC716EA20FD3FFC00ADFCAD /* Info.plist */,
				FCC716E220FD3FF800ADFCAD /* PocketKitchen.xcdatamodeld */,
			);
			path = PocketKitchen;
			sourceTree = "<group>";
		};
		FCC716F020FD425A00ADFCAD /* Models */ = {
			isa = PBXGroup;
			children = (
			);
			path = Models;
			sourceTree = "<group>";
		};
		FCC716F120FD426100ADFCAD /* Views */ = {
			isa = PBXGroup;
			children = (
				FCC7170720FD5ADA00ADFCAD /* RecipeTableViewCell.swift */,
			);
			path = Views;
			sourceTree = "<group>";
		};
		FCC716F320FD427800ADFCAD /* Services */ = {
			isa = PBXGroup;
			children = (
				6292575E20FEABBC001267EB /* DataParsing.swift */,
			);
			path = Services;
			sourceTree = "<group>";
		};
		FCC716F420FD428D00ADFCAD /* Storyboards */ = {
			isa = PBXGroup;
			children = (
				FCC716DF20FD3FF800ADFCAD /* Main.storyboard */,
				FCC7170220FD572000ADFCAD /* History.storyboard */,
				FC2E206920FEACA300FECFB4 /* RecipeSearch.storyboard */,
			);
			path = Storyboards;
			sourceTree = "<group>";
		};
		FCC7170A20FD66D300ADFCAD /* Controllers */ = {
			isa = PBXGroup;
			children = (
				6271711020FEEAC50073FE9C /* RecipeListViewController.swift */,
				FCC7170B20FD66E600ADFCAD /* HistoryViewController.swift */,
				FC2E206520FEA91500FECFB4 /* ListIngredientsTableView.swift */,
				FC2E206720FEAC8A00FECFB4 /* RecipeSearchViewController.swift */,
			);
			path = Controllers;
			sourceTree = "<group>";
		};
/* End PBXGroup section */

/* Begin PBXNativeTarget section */
		FCC716D720FD3FF800ADFCAD /* PocketKitchen */ = {
			isa = PBXNativeTarget;
			buildConfigurationList = FCC716ED20FD3FFC00ADFCAD /* Build configuration list for PBXNativeTarget "PocketKitchen" */;
			buildPhases = (
				A07597A16112993C69941296 /* [CP] Check Pods Manifest.lock */,
				FCC716D420FD3FF800ADFCAD /* Sources */,
				FCC716D520FD3FF800ADFCAD /* Frameworks */,
				FCC716D620FD3FF800ADFCAD /* Resources */,
				7269C9F0B4FD77855FD34F2C /* [CP] Embed Pods Frameworks */,
			);
			buildRules = (
			);
			dependencies = (
			);
			name = PocketKitchen;
			productName = PocketKitchen;
			productReference = FCC716D820FD3FF800ADFCAD /* PocketKitchen.app */;
			productType = "com.apple.product-type.application";
		};
/* End PBXNativeTarget section */

/* Begin PBXProject section */
		FCC716D020FD3FF800ADFCAD /* Project object */ = {
			isa = PBXProject;
			attributes = {
				LastSwiftUpdateCheck = 0940;
				LastUpgradeCheck = 0940;
				ORGANIZATIONNAME = "Simone Chan";
				TargetAttributes = {
					FCC716D720FD3FF800ADFCAD = {
						CreatedOnToolsVersion = 9.4.1;
					};
				};
			};
			buildConfigurationList = FCC716D320FD3FF800ADFCAD /* Build configuration list for PBXProject "PocketKitchen" */;
			compatibilityVersion = "Xcode 9.3";
			developmentRegion = en;
			hasScannedForEncodings = 0;
			knownRegions = (
				en,
				Base,
			);
			mainGroup = FCC716CF20FD3FF800ADFCAD;
			productRefGroup = FCC716D920FD3FF800ADFCAD /* Products */;
			projectDirPath = "";
			projectRoot = "";
			targets = (
				FCC716D720FD3FF800ADFCAD /* PocketKitchen */,
			);
		};
/* End PBXProject section */

/* Begin PBXResourcesBuildPhase section */
		FCC716D620FD3FF800ADFCAD /* Resources */ = {
			isa = PBXResourcesBuildPhase;
			buildActionMask = 2147483647;
			files = (
				FCC7170920FD62B300ADFCAD /* History.storyboard in Resources */,
				FC2E206B20FEACA300FECFB4 /* RecipeSearch.storyboard in Resources */,
				FCC716E920FD3FFC00ADFCAD /* LaunchScreen.storyboard in Resources */,
				FCC716E620FD3FFC00ADFCAD /* Assets.xcassets in Resources */,
				FCC716E120FD3FF800ADFCAD /* Main.storyboard in Resources */,
			);
			runOnlyForDeploymentPostprocessing = 0;
		};
/* End PBXResourcesBuildPhase section */

/* Begin PBXShellScriptBuildPhase section */
		7269C9F0B4FD77855FD34F2C /* [CP] Embed Pods Frameworks */ = {
			isa = PBXShellScriptBuildPhase;
			buildActionMask = 2147483647;
			files = (
			);
			inputPaths = (
				"${SRCROOT}/Pods/Target Support Files/Pods-PocketKitchen/Pods-PocketKitchen-frameworks.sh",
				"${BUILT_PRODUCTS_DIR}/Alamofire/Alamofire.framework",
				"${BUILT_PRODUCTS_DIR}/SwiftyJSON/SwiftyJSON.framework",
			);
			name = "[CP] Embed Pods Frameworks";
			outputPaths = (
				"${TARGET_BUILD_DIR}/${FRAMEWORKS_FOLDER_PATH}/Alamofire.framework",
				"${TARGET_BUILD_DIR}/${FRAMEWORKS_FOLDER_PATH}/SwiftyJSON.framework",
			);
			runOnlyForDeploymentPostprocessing = 0;
			shellPath = /bin/sh;
			shellScript = "\"${SRCROOT}/Pods/Target Support Files/Pods-PocketKitchen/Pods-PocketKitchen-frameworks.sh\"\n";
			showEnvVarsInLog = 0;
		};
		A07597A16112993C69941296 /* [CP] Check Pods Manifest.lock */ = {
			isa = PBXShellScriptBuildPhase;
			buildActionMask = 2147483647;
			files = (
			);
			inputPaths = (
				"${PODS_PODFILE_DIR_PATH}/Podfile.lock",
				"${PODS_ROOT}/Manifest.lock",
			);
			name = "[CP] Check Pods Manifest.lock";
			outputPaths = (
				"$(DERIVED_FILE_DIR)/Pods-PocketKitchen-checkManifestLockResult.txt",
			);
			runOnlyForDeploymentPostprocessing = 0;
			shellPath = /bin/sh;
			shellScript = "diff \"${PODS_PODFILE_DIR_PATH}/Podfile.lock\" \"${PODS_ROOT}/Manifest.lock\" > /dev/null\nif [ $? != 0 ] ; then\n    # print error to STDERR\n    echo \"error: The sandbox is not in sync with the Podfile.lock. Run 'pod install' or update your CocoaPods installation.\" >&2\n    exit 1\nfi\n# This output is used by Xcode 'outputs' to avoid re-running this script phase.\necho \"SUCCESS\" > \"${SCRIPT_OUTPUT_FILE_0}\"\n";
			showEnvVarsInLog = 0;
		};
/* End PBXShellScriptBuildPhase section */

/* Begin PBXSourcesBuildPhase section */
		FCC716D420FD3FF800ADFCAD /* Sources */ = {
			isa = PBXSourcesBuildPhase;
			buildActionMask = 2147483647;
			files = (
				6292575F20FEABBC001267EB /* DataParsing.swift in Sources */,
				FCC716E420FD3FF800ADFCAD /* PocketKitchen.xcdatamodeld in Sources */,
				FC2E206820FEAC8A00FECFB4 /* RecipeSearchViewController.swift in Sources */,
				FC2E206620FEA91500FECFB4 /* ListIngredientsTableView.swift in Sources */,
				FCC716DC20FD3FF800ADFCAD /* AppDelegate.swift in Sources */,
				6271711120FEEAC50073FE9C /* RecipeListViewController.swift in Sources */,
				FCC7170C20FD66E600ADFCAD /* HistoryViewController.swift in Sources */,
				FCC7170820FD5ADA00ADFCAD /* RecipeTableViewCell.swift in Sources */,
			);
			runOnlyForDeploymentPostprocessing = 0;
		};
/* End PBXSourcesBuildPhase section */

/* Begin PBXVariantGroup section */
		FC2E206920FEACA300FECFB4 /* RecipeSearch.storyboard */ = {
			isa = PBXVariantGroup;
			children = (
				FC2E206A20FEACA300FECFB4 /* Base */,
			);
			name = RecipeSearch.storyboard;
			sourceTree = "<group>";
		};
		FCC716DF20FD3FF800ADFCAD /* Main.storyboard */ = {
			isa = PBXVariantGroup;
			children = (
				FCC716E020FD3FF800ADFCAD /* Base */,
			);
			name = Main.storyboard;
			sourceTree = "<group>";
		};
		FCC716E720FD3FFC00ADFCAD /* LaunchScreen.storyboard */ = {
			isa = PBXVariantGroup;
			children = (
				FCC716E820FD3FFC00ADFCAD /* Base */,
			);
			name = LaunchScreen.storyboard;
			sourceTree = "<group>";
		};
		FCC7170220FD572000ADFCAD /* History.storyboard */ = {
			isa = PBXVariantGroup;
			children = (
				FCC7170320FD572000ADFCAD /* Base */,
			);
			name = History.storyboard;
			sourceTree = "<group>";
		};
/* End PBXVariantGroup section */

/* Begin XCBuildConfiguration section */
		FCC716EB20FD3FFC00ADFCAD /* Debug */ = {
			isa = XCBuildConfiguration;
			buildSettings = {
				ALWAYS_SEARCH_USER_PATHS = NO;
				CLANG_ANALYZER_NONNULL = YES;
				CLANG_ANALYZER_NUMBER_OBJECT_CONVERSION = YES_AGGRESSIVE;
				CLANG_CXX_LANGUAGE_STANDARD = "gnu++14";
				CLANG_CXX_LIBRARY = "libc++";
				CLANG_ENABLE_MODULES = YES;
				CLANG_ENABLE_OBJC_ARC = YES;
				CLANG_ENABLE_OBJC_WEAK = YES;
				CLANG_WARN_BLOCK_CAPTURE_AUTORELEASING = YES;
				CLANG_WARN_BOOL_CONVERSION = YES;
				CLANG_WARN_COMMA = YES;
				CLANG_WARN_CONSTANT_CONVERSION = YES;
				CLANG_WARN_DEPRECATED_OBJC_IMPLEMENTATIONS = YES;
				CLANG_WARN_DIRECT_OBJC_ISA_USAGE = YES_ERROR;
				CLANG_WARN_DOCUMENTATION_COMMENTS = YES;
				CLANG_WARN_EMPTY_BODY = YES;
				CLANG_WARN_ENUM_CONVERSION = YES;
				CLANG_WARN_INFINITE_RECURSION = YES;
				CLANG_WARN_INT_CONVERSION = YES;
				CLANG_WARN_NON_LITERAL_NULL_CONVERSION = YES;
				CLANG_WARN_OBJC_IMPLICIT_RETAIN_SELF = YES;
				CLANG_WARN_OBJC_LITERAL_CONVERSION = YES;
				CLANG_WARN_OBJC_ROOT_CLASS = YES_ERROR;
				CLANG_WARN_RANGE_LOOP_ANALYSIS = YES;
				CLANG_WARN_STRICT_PROTOTYPES = YES;
				CLANG_WARN_SUSPICIOUS_MOVE = YES;
				CLANG_WARN_UNGUARDED_AVAILABILITY = YES_AGGRESSIVE;
				CLANG_WARN_UNREACHABLE_CODE = YES;
				CLANG_WARN__DUPLICATE_METHOD_MATCH = YES;
				CODE_SIGN_IDENTITY = "iPhone Developer";
				COPY_PHASE_STRIP = NO;
				DEBUG_INFORMATION_FORMAT = dwarf;
				ENABLE_STRICT_OBJC_MSGSEND = YES;
				ENABLE_TESTABILITY = YES;
				GCC_C_LANGUAGE_STANDARD = gnu11;
				GCC_DYNAMIC_NO_PIC = NO;
				GCC_NO_COMMON_BLOCKS = YES;
				GCC_OPTIMIZATION_LEVEL = 0;
				GCC_PREPROCESSOR_DEFINITIONS = (
					"DEBUG=1",
					"$(inherited)",
				);
				GCC_WARN_64_TO_32_BIT_CONVERSION = YES;
				GCC_WARN_ABOUT_RETURN_TYPE = YES_ERROR;
				GCC_WARN_UNDECLARED_SELECTOR = YES;
				GCC_WARN_UNINITIALIZED_AUTOS = YES_AGGRESSIVE;
				GCC_WARN_UNUSED_FUNCTION = YES;
				GCC_WARN_UNUSED_VARIABLE = YES;
				IPHONEOS_DEPLOYMENT_TARGET = 11.4;
				MTL_ENABLE_DEBUG_INFO = YES;
				ONLY_ACTIVE_ARCH = YES;
				SDKROOT = iphoneos;
				SWIFT_ACTIVE_COMPILATION_CONDITIONS = DEBUG;
				SWIFT_OPTIMIZATION_LEVEL = "-Onone";
			};
			name = Debug;
		};
		FCC716EC20FD3FFC00ADFCAD /* Release */ = {
			isa = XCBuildConfiguration;
			buildSettings = {
				ALWAYS_SEARCH_USER_PATHS = NO;
				CLANG_ANALYZER_NONNULL = YES;
				CLANG_ANALYZER_NUMBER_OBJECT_CONVERSION = YES_AGGRESSIVE;
				CLANG_CXX_LANGUAGE_STANDARD = "gnu++14";
				CLANG_CXX_LIBRARY = "libc++";
				CLANG_ENABLE_MODULES = YES;
				CLANG_ENABLE_OBJC_ARC = YES;
				CLANG_ENABLE_OBJC_WEAK = YES;
				CLANG_WARN_BLOCK_CAPTURE_AUTORELEASING = YES;
				CLANG_WARN_BOOL_CONVERSION = YES;
				CLANG_WARN_COMMA = YES;
				CLANG_WARN_CONSTANT_CONVERSION = YES;
				CLANG_WARN_DEPRECATED_OBJC_IMPLEMENTATIONS = YES;
				CLANG_WARN_DIRECT_OBJC_ISA_USAGE = YES_ERROR;
				CLANG_WARN_DOCUMENTATION_COMMENTS = YES;
				CLANG_WARN_EMPTY_BODY = YES;
				CLANG_WARN_ENUM_CONVERSION = YES;
				CLANG_WARN_INFINITE_RECURSION = YES;
				CLANG_WARN_INT_CONVERSION = YES;
				CLANG_WARN_NON_LITERAL_NULL_CONVERSION = YES;
				CLANG_WARN_OBJC_IMPLICIT_RETAIN_SELF = YES;
				CLANG_WARN_OBJC_LITERAL_CONVERSION = YES;
				CLANG_WARN_OBJC_ROOT_CLASS = YES_ERROR;
				CLANG_WARN_RANGE_LOOP_ANALYSIS = YES;
				CLANG_WARN_STRICT_PROTOTYPES = YES;
				CLANG_WARN_SUSPICIOUS_MOVE = YES;
				CLANG_WARN_UNGUARDED_AVAILABILITY = YES_AGGRESSIVE;
				CLANG_WARN_UNREACHABLE_CODE = YES;
				CLANG_WARN__DUPLICATE_METHOD_MATCH = YES;
				CODE_SIGN_IDENTITY = "iPhone Developer";
				COPY_PHASE_STRIP = NO;
				DEBUG_INFORMATION_FORMAT = "dwarf-with-dsym";
				ENABLE_NS_ASSERTIONS = NO;
				ENABLE_STRICT_OBJC_MSGSEND = YES;
				GCC_C_LANGUAGE_STANDARD = gnu11;
				GCC_NO_COMMON_BLOCKS = YES;
				GCC_WARN_64_TO_32_BIT_CONVERSION = YES;
				GCC_WARN_ABOUT_RETURN_TYPE = YES_ERROR;
				GCC_WARN_UNDECLARED_SELECTOR = YES;
				GCC_WARN_UNINITIALIZED_AUTOS = YES_AGGRESSIVE;
				GCC_WARN_UNUSED_FUNCTION = YES;
				GCC_WARN_UNUSED_VARIABLE = YES;
				IPHONEOS_DEPLOYMENT_TARGET = 11.4;
				MTL_ENABLE_DEBUG_INFO = NO;
				SDKROOT = iphoneos;
				SWIFT_COMPILATION_MODE = wholemodule;
				SWIFT_OPTIMIZATION_LEVEL = "-O";
				VALIDATE_PRODUCT = YES;
			};
			name = Release;
		};
		FCC716EE20FD3FFC00ADFCAD /* Debug */ = {
			isa = XCBuildConfiguration;
			baseConfigurationReference = 2DDC81B64B16BD13686935F9 /* Pods-PocketKitchen.debug.xcconfig */;
			buildSettings = {
				ASSETCATALOG_COMPILER_APPICON_NAME = AppIcon;
				CODE_SIGN_STYLE = Automatic;
				DEVELOPMENT_TEAM = 96FN5M759B;
				INFOPLIST_FILE = PocketKitchen/Info.plist;
				LD_RUNPATH_SEARCH_PATHS = (
					"$(inherited)",
					"@executable_path/Frameworks",
				);
				PRODUCT_BUNDLE_IDENTIFIER = MakeSchool.PocketKitchen;
				PRODUCT_NAME = "$(TARGET_NAME)";
				SWIFT_VERSION = 4.0;
				TARGETED_DEVICE_FAMILY = "1,2";
			};
			name = Debug;
		};
		FCC716EF20FD3FFC00ADFCAD /* Release */ = {
			isa = XCBuildConfiguration;
			baseConfigurationReference = 496C71698CB13C0087F41FE9 /* Pods-PocketKitchen.release.xcconfig */;
			buildSettings = {
				ASSETCATALOG_COMPILER_APPICON_NAME = AppIcon;
				CODE_SIGN_STYLE = Automatic;
				DEVELOPMENT_TEAM = 96FN5M759B;
				INFOPLIST_FILE = PocketKitchen/Info.plist;
				LD_RUNPATH_SEARCH_PATHS = (
					"$(inherited)",
					"@executable_path/Frameworks",
				);
				PRODUCT_BUNDLE_IDENTIFIER = MakeSchool.PocketKitchen;
				PRODUCT_NAME = "$(TARGET_NAME)";
				SWIFT_VERSION = 4.0;
				TARGETED_DEVICE_FAMILY = "1,2";
			};
			name = Release;
		};
/* End XCBuildConfiguration section */

/* Begin XCConfigurationList section */
		FCC716D320FD3FF800ADFCAD /* Build configuration list for PBXProject "PocketKitchen" */ = {
			isa = XCConfigurationList;
			buildConfigurations = (
				FCC716EB20FD3FFC00ADFCAD /* Debug */,
				FCC716EC20FD3FFC00ADFCAD /* Release */,
			);
			defaultConfigurationIsVisible = 0;
			defaultConfigurationName = Release;
		};
		FCC716ED20FD3FFC00ADFCAD /* Build configuration list for PBXNativeTarget "PocketKitchen" */ = {
			isa = XCConfigurationList;
			buildConfigurations = (
				FCC716EE20FD3FFC00ADFCAD /* Debug */,
				FCC716EF20FD3FFC00ADFCAD /* Release */,
			);
			defaultConfigurationIsVisible = 0;
			defaultConfigurationName = Release;
		};
/* End XCConfigurationList section */

/* Begin XCVersionGroup section */
		FCC716E220FD3FF800ADFCAD /* PocketKitchen.xcdatamodeld */ = {
			isa = XCVersionGroup;
			children = (
				FCC716E320FD3FF800ADFCAD /* PocketKitchen.xcdatamodel */,
			);
			currentVersion = FCC716E320FD3FF800ADFCAD /* PocketKitchen.xcdatamodel */;
			path = PocketKitchen.xcdatamodeld;
			sourceTree = "<group>";
			versionGroupType = wrapper.xcdatamodel;
		};
/* End XCVersionGroup section */
	};
	rootObject = FCC716D020FD3FF800ADFCAD /* Project object */;
}
